{
  "name": "watchtower-testing",
  "lockfileVersion": 3,
  "requires": true,
  "packages": {
    "": {
      "dependencies": {
        "watchtower": "github:cse110-sp26-group06/watchtower#sdk-directory-restructure"
      }
    },
    "node_modules/watchtower": {
      "version": "1.0.0",
      "resolved": "git+ssh://git@github.com/cse110-sp26-group06/watchtower.git#840afde1f524ad6c1e4fea32b47ca58f07f4d270"
    }
  }
}
